{
  "version": 4,
  "terraform_version": "1.12.1",
  "serial": 141,
  "lineage": "3ef826ee-d20d-049a-b924-e3f2408f3ece",
  "outputs": {
    "database_subnets": {
      "value": [
        "subnet-0590915656e209689",
        "subnet-0b9ee329acfce7d0c"
      ],
      "type": [
        "tuple",
        [
          "string",
          "string"
        ]
      ]
    },
    "eks_cluster_arn": {
      "value": "arn:aws:eks:us-east-2:211125329539:cluster/ramratan-cluster",
      "type": "string"
    },
    "eks_cluster_certificate_authority_data": {
      "value": "LS0tLS1CRUdJTiBDRVJUSUZJQ0FURS0tLS0tCk1JSURCVENDQWUyZ0F3SUJBZ0lJWWc2VHI0RU8rdDh3RFFZSktvWklodmNOQVFFTEJRQXdGVEVUTUJFR0ExVUUKQXhNS2EzVmlaWEp1WlhSbGN6QWVGdzB5TlRBM01URXhNVFUxTlRWYUZ3MHpOVEEzTURreE1qQXdOVFZhTUJVeApFekFSQmdOVkJBTVRDbXQxWW1WeWJtVjBaWE13Z2dFaU1BMEdDU3FHU0liM0RRRUJBUVVBQTRJQkR3QXdnZ0VLCkFvSUJBUUNld2E2T1kxN0M2UkNCci82Z0xGRlhxdWNraHViSCsxUjdSY3ZRcDNyKzBDYVJ5WklENEdFNVUwM0YKSFY1WDcwc2phZ1dtZ3FVbDN6LzRtT2NRK01vUExUa0JLeUhjRGZRUEsvUGJhb1RROUYwRVNrQ0lGTGxnbk4yOQpCSW44VXBPTnFKbXRnRmlCV00yOXQ1cm5Oa1hKdmVJRzNiaVU2SkdWK25HSURNRnFDTWQ1N2E1Tk9IY0VtZWZpCmQrNWZPZTFMaEY5K0V0SU5lMjlTcnRsUDJNTHZ3cUxVaXEvSXFiNmcvaGd4V0Jub0s5clF3VVhmRTV6TWpKZnkKUTBrSC9iVG5HQloweUg3N3FNVTdjbTNnUlpQTG1CRGo1MUN4cDlWeHBNTWVSVk16Wml0UElob2dRKzdWekFiVApwTHZSNmdYd1VPbmxYb0ZVc2pTUmFscWNCS05mQWdNQkFBR2pXVEJYTUE0R0ExVWREd0VCL3dRRUF3SUNwREFQCkJnTlZIUk1CQWY4RUJUQURBUUgvTUIwR0ExVWREZ1FXQkJSV2xsRE1JbzJqOGNkTFJ0SU5RamU1emtQVGRUQVYKQmdOVkhSRUVEakFNZ2dwcmRXSmxjbTVsZEdWek1BMEdDU3FHU0liM0RRRUJDd1VBQTRJQkFRQWxmV3EzQnZvOAo2cGJSOVdvUUN0cjN5VmdEeGFvaHF2d09HMHlUT280OVh4RHUyUjUzc0UzMk1Ba0dFZUlMZ0lFSmoyTVpWb2Y2CklEbDNjY1BOMldZWXNSVm41M2JnbFdSTXBwcE1mdE5GOUlJVFF3eGpFcHFRS0NMSHZSVllpcWN2UVpSQXdvTzgKSUJ0ZUV4TVplL1hBZ0w0cFRDTlFTQzN6ajlrdTNDL2lmTnM2ZFdTSC9YMWJpWmtwM1VoWUdtWldQeUdiWUk5aApQUkQxVHJERTVkSlJGa21vL1VOc3ZGRGhYaUlFUGVsSGJUREdYNGpPWWw5ZXJuSXdGaUJOVHppVXFnTXlpZHZuCnl3TWVyTGNQbCtLdExwWUhxWmxQbDR6TWd1dmFLWm1qNnlIbjZVTDRaeUNnQzQ4Y0NjbWpYTUdza2xQWWlDZGEKOVFUVk9XM1dDWFB5Ci0tLS0tRU5EIENFUlRJRklDQVRFLS0tLS0K",
      "type": "string"
    },
    "eks_cluster_endpoint": {
      "value": "https://655A43FCCE1A8E6307CCD7F45FDA1B59.yl4.us-east-2.eks.amazonaws.com",
      "type": "string"
    },
    "eks_cluster_id": {
      "value": "ramratan-cluster",
      "type": "string"
    },
    "igw_id": {
      "value": "igw-02671240eed56bbc9",
      "type": "string"
    },
    "nat_gateway_ips": {
      "value": [
        "3.21.252.193",
        "13.59.123.248"
      ],
      "type": [
        "tuple",
        [
          "string",
          "string"
        ]
      ]
    },
    "private_subnets": {
      "value": [
        "subnet-0bbfa10e581c2cc63",
        "subnet-063b6ce86b82633d1"
      ],
      "type": [
        "tuple",
        [
          "string",
          "string"
        ]
      ]
    },
    "public_subnets": {
      "value": [
        "subnet-07099c6b191596fb8",
        "subnet-0c5baad48c59a763c"
      ],
      "type": [
        "tuple",
        [
          "string",
          "string"
        ]
      ]
    },
    "route53_zone_id": {
      "value": "Z028716428CC2HAVDDCSN",
      "type": "string"
    },
    "vpc_cidr_block": {
      "value": "10.0.0.0/16",
      "type": "string"
    },
    "vpc_id": {
      "value": "vpc-0bc3aef05f4e3c2c1",
      "type": "string"
    }
  },
  "resources": [
    {
      "module": "module.eks",
      "mode": "data",
      "type": "aws_iam_policy_document",
      "name": "cluster_assume_role_policy",
      "provider": "provider[\"registry.terraform.io/hashicorp/aws\"]",
      "instances": [
        {
          "schema_version": 0,
          "attributes": {
            "id": "3552664922",
            "json": "{\n  \"Version\": \"2012-10-17\",\n  \"Statement\": [\n    {\n      \"Effect\": \"Allow\",\n      \"Action\": \"sts:AssumeRole\",\n      \"Principal\": {\n        \"Service\": \"eks.amazonaws.com\"\n      }\n    }\n  ]\n}",
            "minified_json": "{\"Version\":\"2012-10-17\",\"Statement\":[{\"Effect\":\"Allow\",\"Action\":\"sts:AssumeRole\",\"Principal\":{\"Service\":\"eks.amazonaws.com\"}}]}",
            "override_json": null,
            "override_policy_documents": null,
            "policy_id": null,
            "source_json": null,
            "source_policy_documents": null,
            "statement": [
              {
                "actions": [
                  "sts:AssumeRole"
                ],
                "condition": [],
                "effect": "Allow",
                "not_actions": [],
                "not_principals": [],
                "not_resources": [],
                "principals": [
                  {
                    "identifiers": [
                      "eks.amazonaws.com"
                    ],
                    "type": "Service"
                  }
                ],
                "resources": [],
                "sid": ""
              }
            ],
            "version": "2012-10-17"
          },
          "sensitive_attributes": [],
          "identity_schema_version": 0
        }
      ]
    },
    {
      "module": "module.eks",
      "mode": "data",
      "type": "aws_iam_policy_document",
      "name": "node_group_assume_role_policy",
      "provider": "provider[\"registry.terraform.io/hashicorp/aws\"]",
      "instances": [
        {
          "schema_version": 0,
          "attributes": {
            "id": "2851119427",
            "json": "{\n  \"Version\": \"2012-10-17\",\n  \"Statement\": [\n    {\n      \"Effect\": \"Allow\",\n      \"Action\": \"sts:AssumeRole\",\n      \"Principal\": {\n        \"Service\": \"ec2.amazonaws.com\"\n      }\n    }\n  ]\n}",
            "minified_json": "{\"Version\":\"2012-10-17\",\"Statement\":[{\"Effect\":\"Allow\",\"Action\":\"sts:AssumeRole\",\"Principal\":{\"Service\":\"ec2.amazonaws.com\"}}]}",
            "override_json": null,
            "override_policy_documents": null,
            "policy_id": null,
            "source_json": null,
            "source_policy_documents": null,
            "statement": [
              {
                "actions": [
                  "sts:AssumeRole"
                ],
                "condition": [],
                "effect": "Allow",
                "not_actions": [],
                "not_principals": [],
                "not_resources": [],
                "principals": [
                  {
                    "identifiers": [
                      "ec2.amazonaws.com"
                    ],
                    "type": "Service"
                  }
                ],
                "resources": [],
                "sid": ""
              }
            ],
            "version": "2012-10-17"
          },
          "sensitive_attributes": [],
          "identity_schema_version": 0
        }
      ]
    },
    {
      "module": "module.eks",
      "mode": "managed",
      "type": "aws_ec2_tag",
      "name": "eks_subnet_tag",
      "provider": "provider[\"registry.terraform.io/hashicorp/aws\"]",
      "instances": [
        {
          "index_key": 0,
          "schema_version": 0,
          "attributes": {
            "id": "subnet-0bbfa10e581c2cc63,kubernetes.io/cluster/ramratan-cluster",
            "key": "kubernetes.io/cluster/ramratan-cluster",
            "resource_id": "subnet-0bbfa10e581c2cc63",
            "value": "shared"
          },
          "sensitive_attributes": [],
          "identity_schema_version": 0,
          "private": "bnVsbA==",
          "dependencies": [
            "module.network.aws_subnet.database_subnet",
            "module.network.aws_subnet.private_subnet",
            "module.network.aws_vpc.vpc"
          ]
        },
        {
          "index_key": 1,
          "schema_version": 0,
          "attributes": {
            "id": "subnet-063b6ce86b82633d1,kubernetes.io/cluster/ramratan-cluster",
            "key": "kubernetes.io/cluster/ramratan-cluster",
            "resource_id": "subnet-063b6ce86b82633d1",
            "value": "shared"
          },
          "sensitive_attributes": [],
          "identity_schema_version": 0,
          "private": "bnVsbA==",
          "dependencies": [
            "module.network.aws_subnet.database_subnet",
            "module.network.aws_subnet.private_subnet",
            "module.network.aws_vpc.vpc"
          ]
        },
        {
          "index_key": 2,
          "schema_version": 0,
          "attributes": {
            "id": "subnet-0590915656e209689,kubernetes.io/cluster/ramratan-cluster",
            "key": "kubernetes.io/cluster/ramratan-cluster",
            "resource_id": "subnet-0590915656e209689",
            "value": "shared"
          },
          "sensitive_attributes": [],
          "identity_schema_version": 0,
          "private": "bnVsbA==",
          "dependencies": [
            "module.network.aws_subnet.database_subnet",
            "module.network.aws_subnet.private_subnet",
            "module.network.aws_vpc.vpc"
          ]
        },
        {
          "index_key": 3,
          "schema_version": 0,
          "attributes": {
            "id": "subnet-0b9ee329acfce7d0c,kubernetes.io/cluster/ramratan-cluster",
            "key": "kubernetes.io/cluster/ramratan-cluster",
            "resource_id": "subnet-0b9ee329acfce7d0c",
            "value": "shared"
          },
          "sensitive_attributes": [],
          "identity_schema_version": 0,
          "private": "bnVsbA==",
          "dependencies": [
            "module.network.aws_subnet.database_subnet",
            "module.network.aws_subnet.private_subnet",
            "module.network.aws_vpc.vpc"
          ]
        }
      ]
    },
    {
      "module": "module.eks",
      "mode": "managed",
      "type": "aws_eks_cluster",
      "name": "eks_cluster",
      "provider": "provider[\"registry.terraform.io/hashicorp/aws\"]",
      "instances": [
        {
          "schema_version": 1,
          "attributes": {
            "access_config": [
              {
                "authentication_mode": "CONFIG_MAP",
                "bootstrap_cluster_creator_admin_permissions": true
              }
            ],
            "arn": "arn:aws:eks:us-east-2:211125329539:cluster/ramratan-cluster",
            "bootstrap_self_managed_addons": true,
            "certificate_authority": [
              {
                "data": "LS0tLS1CRUdJTiBDRVJUSUZJQ0FURS0tLS0tCk1JSURCVENDQWUyZ0F3SUJBZ0lJWWc2VHI0RU8rdDh3RFFZSktvWklodmNOQVFFTEJRQXdGVEVUTUJFR0ExVUUKQXhNS2EzVmlaWEp1WlhSbGN6QWVGdzB5TlRBM01URXhNVFUxTlRWYUZ3MHpOVEEzTURreE1qQXdOVFZhTUJVeApFekFSQmdOVkJBTVRDbXQxWW1WeWJtVjBaWE13Z2dFaU1BMEdDU3FHU0liM0RRRUJBUVVBQTRJQkR3QXdnZ0VLCkFvSUJBUUNld2E2T1kxN0M2UkNCci82Z0xGRlhxdWNraHViSCsxUjdSY3ZRcDNyKzBDYVJ5WklENEdFNVUwM0YKSFY1WDcwc2phZ1dtZ3FVbDN6LzRtT2NRK01vUExUa0JLeUhjRGZRUEsvUGJhb1RROUYwRVNrQ0lGTGxnbk4yOQpCSW44VXBPTnFKbXRnRmlCV00yOXQ1cm5Oa1hKdmVJRzNiaVU2SkdWK25HSURNRnFDTWQ1N2E1Tk9IY0VtZWZpCmQrNWZPZTFMaEY5K0V0SU5lMjlTcnRsUDJNTHZ3cUxVaXEvSXFiNmcvaGd4V0Jub0s5clF3VVhmRTV6TWpKZnkKUTBrSC9iVG5HQloweUg3N3FNVTdjbTNnUlpQTG1CRGo1MUN4cDlWeHBNTWVSVk16Wml0UElob2dRKzdWekFiVApwTHZSNmdYd1VPbmxYb0ZVc2pTUmFscWNCS05mQWdNQkFBR2pXVEJYTUE0R0ExVWREd0VCL3dRRUF3SUNwREFQCkJnTlZIUk1CQWY4RUJUQURBUUgvTUIwR0ExVWREZ1FXQkJSV2xsRE1JbzJqOGNkTFJ0SU5RamU1emtQVGRUQVYKQmdOVkhSRUVEakFNZ2dwcmRXSmxjbTVsZEdWek1BMEdDU3FHU0liM0RRRUJDd1VBQTRJQkFRQWxmV3EzQnZvOAo2cGJSOVdvUUN0cjN5VmdEeGFvaHF2d09HMHlUT280OVh4RHUyUjUzc0UzMk1Ba0dFZUlMZ0lFSmoyTVpWb2Y2CklEbDNjY1BOMldZWXNSVm41M2JnbFdSTXBwcE1mdE5GOUlJVFF3eGpFcHFRS0NMSHZSVllpcWN2UVpSQXdvTzgKSUJ0ZUV4TVplL1hBZ0w0cFRDTlFTQzN6ajlrdTNDL2lmTnM2ZFdTSC9YMWJpWmtwM1VoWUdtWldQeUdiWUk5aApQUkQxVHJERTVkSlJGa21vL1VOc3ZGRGhYaUlFUGVsSGJUREdYNGpPWWw5ZXJuSXdGaUJOVHppVXFnTXlpZHZuCnl3TWVyTGNQbCtLdExwWUhxWmxQbDR6TWd1dmFLWm1qNnlIbjZVTDRaeUNnQzQ4Y0NjbWpYTUdza2xQWWlDZGEKOVFUVk9XM1dDWFB5Ci0tLS0tRU5EIENFUlRJRklDQVRFLS0tLS0K"
              }
            ],
            "cluster_id": null,
            "compute_config": [],
            "created_at": "2025-07-11T11:56:45Z",
            "enabled_cluster_log_types": [
              "api",
              "audit",
              "authenticator",
              "controllerManager",
              "scheduler"
            ],
            "encryption_config": [],
            "endpoint": "https://655A43FCCE1A8E6307CCD7F45FDA1B59.yl4.us-east-2.eks.amazonaws.com",
            "force_update_version": null,
            "id": "ramratan-cluster",
            "identity": [
              {
                "oidc": [
                  {
                    "issuer": "https://oidc.eks.us-east-2.amazonaws.com/id/655A43FCCE1A8E6307CCD7F45FDA1B59"
                  }
                ]
              }
            ],
            "kubernetes_network_config": [
              {
                "elastic_load_balancing": [
                  {
                    "enabled": false
                  }
                ],
                "ip_family": "ipv4",
                "service_ipv4_cidr": "172.20.0.0/16",
                "service_ipv6_cidr": ""
              }
            ],
            "name": "ramratan-cluster",
            "outpost_config": [],
            "platform_version": "eks.37",
            "remote_network_config": [],
            "role_arn": "arn:aws:iam::211125329539:role/ramratan-cluster-cluster-role",
            "status": "ACTIVE",
            "storage_config": [],
            "tags": {
              "Environment": "dev",
              "Name": "ramratan-cluster-cluster",
              "Owner": "Ramratan",
              "Provisioner": "Terraform"
            },
            "tags_all": {
              "Environment": "dev",
              "Name": "ramratan-cluster-cluster",
              "Owner": "Ramratan",
              "Provisioner": "Terraform"
            },
            "timeouts": null,
            "upgrade_policy": [
              {
                "support_type": "EXTENDED"
              }
            ],
            "version": "1.30",
            "vpc_config": [
              {
                "cluster_security_group_id": "sg-030036344db70522a",
                "endpoint_private_access": true,
                "endpoint_public_access": true,
                "public_access_cidrs": [
                  "0.0.0.0/0"
                ],
                "security_group_ids": null,
                "subnet_ids": [
                  "subnet-0590915656e209689",
                  "subnet-063b6ce86b82633d1",
                  "subnet-0b9ee329acfce7d0c",
                  "subnet-0bbfa10e581c2cc63"
                ],
                "vpc_id": "vpc-0bc3aef05f4e3c2c1"
              }
            ],
            "zonal_shift_config": []
          },
          "sensitive_attributes": [],
          "identity_schema_version": 0,
          "private": "eyJlMmJmYjczMC1lY2FhLTExZTYtOGY4OC0zNDM2M2JjN2M0YzAiOnsiY3JlYXRlIjoxODAwMDAwMDAwMDAwLCJkZWxldGUiOjkwMDAwMDAwMDAwMCwidXBkYXRlIjozNjAwMDAwMDAwMDAwfSwic2NoZW1hX3ZlcnNpb24iOiIxIn0=",
          "dependencies": [
            "module.eks.aws_iam_role.cluster_role",
            "module.eks.aws_iam_role_policy_attachment.eks-AmazonEKSClusterPolicy",
            "module.eks.aws_iam_role_policy_attachment.eks-AmazonEKSServicePolicy",
            "module.eks.data.aws_iam_policy_document.cluster_assume_role_policy",
            "module.network.aws_subnet.database_subnet",
            "module.network.aws_subnet.private_subnet",
            "module.network.aws_vpc.vpc"
          ],
          "create_before_destroy": true
        }
      ]
    },
    {
      "module": "module.eks",
      "mode": "managed",
      "type": "aws_iam_role",
      "name": "cluster_role",
      "provider": "provider[\"registry.terraform.io/hashicorp/aws\"]",
      "instances": [
        {
          "schema_version": 0,
          "attributes": {
            "arn": "arn:aws:iam::211125329539:role/ramratan-cluster-cluster-role",
            "assume_role_policy": "{\"Statement\":[{\"Action\":\"sts:AssumeRole\",\"Effect\":\"Allow\",\"Principal\":{\"Service\":\"eks.amazonaws.com\"}}],\"Version\":\"2012-10-17\"}",
            "create_date": "2025-07-11T11:56:09Z",
            "description": "",
            "force_detach_policies": false,
            "id": "ramratan-cluster-cluster-role",
            "inline_policy": [],
            "managed_policy_arns": [],
            "max_session_duration": 3600,
            "name": "ramratan-cluster-cluster-role",
            "name_prefix": "",
            "path": "/",
            "permissions_boundary": "",
            "tags": {
              "Environment": "dev",
              "Name": "ramratan-cluster-cluster_iam_role",
              "Owner": "Ramratan",
              "Provisioner": "Terraform"
            },
            "tags_all": {
              "Environment": "dev",
              "Name": "ramratan-cluster-cluster_iam_role",
              "Owner": "Ramratan",
              "Provisioner": "Terraform"
            },
            "unique_id": "AROATCKAM32BZWCDHLSAB"
          },
          "sensitive_attributes": [],
          "identity_schema_version": 0,
          "private": "bnVsbA==",
          "dependencies": [
            "module.eks.data.aws_iam_policy_document.cluster_assume_role_policy"
          ],
          "create_before_destroy": true
        }
      ]
    },
    {
      "module": "module.eks",
      "mode": "managed",
      "type": "aws_iam_role",
      "name": "node_group_role",
      "provider": "provider[\"registry.terraform.io/hashicorp/aws\"]",
      "instances": [
        {
          "schema_version": 0,
          "attributes": {
            "arn": "arn:aws:iam::211125329539:role/ramratan-cluster-node-group-role",
            "assume_role_policy": "{\"Statement\":[{\"Action\":\"sts:AssumeRole\",\"Effect\":\"Allow\",\"Principal\":{\"Service\":\"ec2.amazonaws.com\"}}],\"Version\":\"2012-10-17\"}",
            "create_date": "2025-07-11T11:56:09Z",
            "description": "",
            "force_detach_policies": false,
            "id": "ramratan-cluster-node-group-role",
            "inline_policy": [],
            "managed_policy_arns": [],
            "max_session_duration": 3600,
            "name": "ramratan-cluster-node-group-role",
            "name_prefix": "",
            "path": "/",
            "permissions_boundary": "",
            "tags": {
              "Environment": "dev",
              "Name": "ramratan-cluster-node_group_iam_role",
              "Owner": "Ramratan",
              "Provisioner": "Terraform"
            },
            "tags_all": {
              "Environment": "dev",
              "Name": "ramratan-cluster-node_group_iam_role",
              "Owner": "Ramratan",
              "Provisioner": "Terraform"
            },
            "unique_id": "AROATCKAM32B4MZHGXTKT"
          },
          "sensitive_attributes": [],
          "identity_schema_version": 0,
          "private": "bnVsbA==",
          "dependencies": [
            "module.eks.data.aws_iam_policy_document.node_group_assume_role_policy"
          ],
          "create_before_destroy": true
        }
      ]
    },
    {
      "module": "module.eks",
      "mode": "managed",
      "type": "aws_iam_role_policy_attachment",
      "name": "eks-AmazonEKSClusterPolicy",
      "provider": "provider[\"registry.terraform.io/hashicorp/aws\"]",
      "instances": [
        {
          "schema_version": 0,
          "attributes": {
            "id": "ramratan-cluster-cluster-role-20250711115610142900000001",
            "policy_arn": "arn:aws:iam::aws:policy/AmazonEKSClusterPolicy",
            "role": "ramratan-cluster-cluster-role"
          },
          "sensitive_attributes": [],
          "identity_schema_version": 0,
          "private": "bnVsbA==",
          "dependencies": [
            "module.eks.aws_iam_role.cluster_role",
            "module.eks.data.aws_iam_policy_document.cluster_assume_role_policy"
          ],
          "create_before_destroy": true
        }
      ]
    },
    {
      "module": "module.eks",
      "mode": "managed",
      "type": "aws_iam_role_policy_attachment",
      "name": "eks-AmazonEKSServicePolicy",
      "provider": "provider[\"registry.terraform.io/hashicorp/aws\"]",
      "instances": [
        {
          "schema_version": 0,
          "attributes": {
            "id": "ramratan-cluster-cluster-role-20250711115610591400000002",
            "policy_arn": "arn:aws:iam::aws:policy/AmazonEKSServicePolicy",
            "role": "ramratan-cluster-cluster-role"
          },
          "sensitive_attributes": [],
          "identity_schema_version": 0,
          "private": "bnVsbA==",
          "dependencies": [
            "module.eks.aws_iam_role.cluster_role",
            "module.eks.data.aws_iam_policy_document.cluster_assume_role_policy"
          ],
          "create_before_destroy": true
        }
      ]
    },
    {
      "module": "module.eks",
      "mode": "managed",
      "type": "aws_iam_role_policy_attachment",
      "name": "node-AmazonEC2ContainerRegistryReadOnly",
      "provider": "provider[\"registry.terraform.io/hashicorp/aws\"]",
      "instances": [
        {
          "schema_version": 0,
          "attributes": {
            "id": "ramratan-cluster-node-group-role-20250711115610983900000004",
            "policy_arn": "arn:aws:iam::aws:policy/AmazonEC2ContainerRegistryReadOnly",
            "role": "ramratan-cluster-node-group-role"
          },
          "sensitive_attributes": [],
          "identity_schema_version": 0,
          "private": "bnVsbA==",
          "dependencies": [
            "module.eks.aws_iam_role.node_group_role",
            "module.eks.data.aws_iam_policy_document.node_group_assume_role_policy"
          ]
        }
      ]
    },
    {
      "module": "module.eks",
      "mode": "managed",
      "type": "aws_iam_role_policy_attachment",
      "name": "node-AmazonEC2FullAccess",
      "provider": "provider[\"registry.terraform.io/hashicorp/aws\"]",
      "instances": [
        {
          "schema_version": 0,
          "attributes": {
            "id": "ramratan-cluster-node-group-role-20250711115611415500000006",
            "policy_arn": "arn:aws:iam::aws:policy/AmazonEC2FullAccess",
            "role": "ramratan-cluster-node-group-role"
          },
          "sensitive_attributes": [],
          "identity_schema_version": 0,
          "private": "bnVsbA==",
          "dependencies": [
            "module.eks.aws_iam_role.node_group_role",
            "module.eks.data.aws_iam_policy_document.node_group_assume_role_policy"
          ]
        }
      ]
    },
    {
      "module": "module.eks",
      "mode": "managed",
      "type": "aws_iam_role_policy_attachment",
      "name": "node-AmazonEKSWorkerNodePolicy",
      "provider": "provider[\"registry.terraform.io/hashicorp/aws\"]",
      "instances": [
        {
          "schema_version": 0,
          "attributes": {
            "id": "ramratan-cluster-node-group-role-20250711115611349300000005",
            "policy_arn": "arn:aws:iam::aws:policy/AmazonEKSWorkerNodePolicy",
            "role": "ramratan-cluster-node-group-role"
          },
          "sensitive_attributes": [],
          "identity_schema_version": 0,
          "private": "bnVsbA==",
          "dependencies": [
            "module.eks.aws_iam_role.node_group_role",
            "module.eks.data.aws_iam_policy_document.node_group_assume_role_policy"
          ]
        }
      ]
    },
    {
      "module": "module.eks",
      "mode": "managed",
      "type": "aws_iam_role_policy_attachment",
      "name": "node-AmazonEKS_CNI_Policy",
      "provider": "provider[\"registry.terraform.io/hashicorp/aws\"]",
      "instances": [
        {
          "schema_version": 0,
          "attributes": {
            "id": "ramratan-cluster-node-group-role-20250711115610956600000003",
            "policy_arn": "arn:aws:iam::aws:policy/AmazonEKS_CNI_Policy",
            "role": "ramratan-cluster-node-group-role"
          },
          "sensitive_attributes": [],
          "identity_schema_version": 0,
          "private": "bnVsbA==",
          "dependencies": [
            "module.eks.aws_iam_role.node_group_role",
            "module.eks.data.aws_iam_policy_document.node_group_assume_role_policy"
          ]
        }
      ]
    },
    {
      "module": "module.eks",
      "mode": "managed",
      "type": "aws_security_group_rule",
      "name": "cluster_private_access",
      "provider": "provider[\"registry.terraform.io/hashicorp/aws\"]",
      "instances": []
    },
    {
      "module": "module.eks",
      "mode": "managed",
      "type": "local_file",
      "name": "kubeconfig",
      "provider": "provider[\"registry.terraform.io/hashicorp/local\"]",
      "instances": [
        {
          "schema_version": 0,
          "attributes": {
            "content": "apiVersion: v1\nclusters:\n- cluster:\n    server: https://655A43FCCE1A8E6307CCD7F45FDA1B59.yl4.us-east-2.eks.amazonaws.com\n    certificate-authority-data: LS0tLS1CRUdJTiBDRVJUSUZJQ0FURS0tLS0tCk1JSURCVENDQWUyZ0F3SUJBZ0lJWWc2VHI0RU8rdDh3RFFZSktvWklodmNOQVFFTEJRQXdGVEVUTUJFR0ExVUUKQXhNS2EzVmlaWEp1WlhSbGN6QWVGdzB5TlRBM01URXhNVFUxTlRWYUZ3MHpOVEEzTURreE1qQXdOVFZhTUJVeApFekFSQmdOVkJBTVRDbXQxWW1WeWJtVjBaWE13Z2dFaU1BMEdDU3FHU0liM0RRRUJBUVVBQTRJQkR3QXdnZ0VLCkFvSUJBUUNld2E2T1kxN0M2UkNCci82Z0xGRlhxdWNraHViSCsxUjdSY3ZRcDNyKzBDYVJ5WklENEdFNVUwM0YKSFY1WDcwc2phZ1dtZ3FVbDN6LzRtT2NRK01vUExUa0JLeUhjRGZRUEsvUGJhb1RROUYwRVNrQ0lGTGxnbk4yOQpCSW44VXBPTnFKbXRnRmlCV00yOXQ1cm5Oa1hKdmVJRzNiaVU2SkdWK25HSURNRnFDTWQ1N2E1Tk9IY0VtZWZpCmQrNWZPZTFMaEY5K0V0SU5lMjlTcnRsUDJNTHZ3cUxVaXEvSXFiNmcvaGd4V0Jub0s5clF3VVhmRTV6TWpKZnkKUTBrSC9iVG5HQloweUg3N3FNVTdjbTNnUlpQTG1CRGo1MUN4cDlWeHBNTWVSVk16Wml0UElob2dRKzdWekFiVApwTHZSNmdYd1VPbmxYb0ZVc2pTUmFscWNCS05mQWdNQkFBR2pXVEJYTUE0R0ExVWREd0VCL3dRRUF3SUNwREFQCkJnTlZIUk1CQWY4RUJUQURBUUgvTUIwR0ExVWREZ1FXQkJSV2xsRE1JbzJqOGNkTFJ0SU5RamU1emtQVGRUQVYKQmdOVkhSRUVEakFNZ2dwcmRXSmxjbTVsZEdWek1BMEdDU3FHU0liM0RRRUJDd1VBQTRJQkFRQWxmV3EzQnZvOAo2cGJSOVdvUUN0cjN5VmdEeGFvaHF2d09HMHlUT280OVh4RHUyUjUzc0UzMk1Ba0dFZUlMZ0lFSmoyTVpWb2Y2CklEbDNjY1BOMldZWXNSVm41M2JnbFdSTXBwcE1mdE5GOUlJVFF3eGpFcHFRS0NMSHZSVllpcWN2UVpSQXdvTzgKSUJ0ZUV4TVplL1hBZ0w0cFRDTlFTQzN6ajlrdTNDL2lmTnM2ZFdTSC9YMWJpWmtwM1VoWUdtWldQeUdiWUk5aApQUkQxVHJERTVkSlJGa21vL1VOc3ZGRGhYaUlFUGVsSGJUREdYNGpPWWw5ZXJuSXdGaUJOVHppVXFnTXlpZHZuCnl3TWVyTGNQbCtLdExwWUhxWmxQbDR6TWd1dmFLWm1qNnlIbjZVTDRaeUNnQzQ4Y0NjbWpYTUdza2xQWWlDZGEKOVFUVk9XM1dDWFB5Ci0tLS0tRU5EIENFUlRJRklDQVRFLS0tLS0K\n  name: arn:aws:eks:us-east-2:211125329539:cluster/ramratan-cluster\ncontexts:\n- context:\n    cluster: arn:aws:eks:us-east-2:211125329539:cluster/ramratan-cluster\n    user: arn:aws:eks:us-east-2:211125329539:cluster/ramratan-cluster\n  name: arn:aws:eks:us-east-2:211125329539:cluster/ramratan-cluster\ncurrent-context: arn:aws:eks:us-east-2:211125329539:cluster/ramratan-cluster\nkind: Config\npreferences: {}\nusers:\n- name: arn:aws:eks:us-east-2:211125329539:cluster/ramratan-cluster\n  user:\n    exec:\n      apiVersion: client.authentication.k8s.io/v1alpha1\n      args:\n      - --region\n      - us-east-2\n      - eks\n      - get-token\n      - --cluster-name\n      - ramratan-cluster\n      command: aws",
            "content_base64": null,
            "content_base64sha256": "SaxsHJgPnShZ1O6w6vv/z4CzPlmltwK8M/fQnDnB86s=",
            "content_base64sha512": "xlGrjrd/DOBXUMMQIbo0wV37oCYrgXFIWHlIoJWw43z0y8OOlXgJGLQn54C352QtPjdFCgdV6fHIo9WrA3Plqg==",
            "content_md5": "665c881297a11058bcbf0cdfb38873bf",
            "content_sha1": "5b568f72fb81d7ea08a3b7c48f4d9ac2c8cf3014",
            "content_sha256": "49ac6c1c980f9d2859d4eeb0eafbffcf80b33e59a5b702bc33f7d09c39c1f3ab",
            "content_sha512": "c651ab8eb77f0ce05750c31021ba34c15dfba0262b817148587948a095b0e37cf4cbc38e95780918b427e780b7e7642d3e37450a0755e9f1c8a3d5ab0373e5aa",
            "directory_permission": "0755",
            "file_permission": "0644",
            "filename": "./kubeconfigs//ramratan-cluster_kubeconfig",
            "id": "5b568f72fb81d7ea08a3b7c48f4d9ac2c8cf3014",
            "sensitive_content": null,
            "source": null
          },
          "sensitive_attributes": [
            [
              {
                "type": "get_attr",
                "value": "sensitive_content"
              }
            ]
          ],
          "identity_schema_version": 0,
          "dependencies": [
            "module.eks.aws_eks_cluster.eks_cluster",
            "module.eks.aws_iam_role.cluster_role",
            "module.eks.aws_iam_role_policy_attachment.eks-AmazonEKSClusterPolicy",
            "module.eks.aws_iam_role_policy_attachment.eks-AmazonEKSServicePolicy",
            "module.eks.data.aws_iam_policy_document.cluster_assume_role_policy",
            "module.network.aws_subnet.database_subnet",
            "module.network.aws_subnet.private_subnet",
            "module.network.aws_vpc.vpc"
          ]
        }
      ]
    },
    {
      "module": "module.network",
      "mode": "data",
      "type": "aws_caller_identity",
      "name": "current_account",
      "provider": "provider[\"registry.terraform.io/hashicorp/aws\"]",
      "instances": [
        {
          "schema_version": 0,
          "attributes": {
            "account_id": "211125329539",
            "arn": "arn:aws:iam::211125329539:user/Ram",
            "id": "211125329539",
            "user_id": "AIDATCKAM32B7UIC3EI3J"
          },
          "sensitive_attributes": [],
          "identity_schema_version": 0
        }
      ]
    },
    {
      "module": "module.network",
      "mode": "managed",
      "type": "aws_eip",
      "name": "nat",
      "provider": "provider[\"registry.terraform.io/hashicorp/aws\"]",
      "instances": [
        {
          "index_key": 0,
          "schema_version": 0,
          "attributes": {
            "address": null,
            "allocation_id": "eipalloc-0d8aacbb8554e88c5",
            "arn": "arn:aws:ec2:us-east-2:211125329539:elastic-ip/eipalloc-0d8aacbb8554e88c5",
            "associate_with_private_ip": null,
            "association_id": "",
            "carrier_ip": "",
            "customer_owned_ip": "",
            "customer_owned_ipv4_pool": "",
            "domain": "vpc",
            "id": "eipalloc-0d8aacbb8554e88c5",
            "instance": "",
            "ipam_pool_id": null,
            "network_border_group": "us-east-2",
            "network_interface": "",
            "private_dns": null,
            "private_ip": "",
            "ptr_record": "",
            "public_dns": "ec2-3-21-252-193.us-east-2.compute.amazonaws.com",
            "public_ip": "3.21.252.193",
            "public_ipv4_pool": "amazon",
            "tags": {
              "Environment": "dev",
              "Name": "dev-infra-eip-us-east-2a",
              "Owner": "Ramratan"
            },
            "tags_all": {
              "Environment": "dev",
              "Name": "dev-infra-eip-us-east-2a",
              "Owner": "Ramratan"
            },
            "timeouts": null,
            "vpc": true
          },
          "sensitive_attributes": [],
          "identity_schema_version": 0,
          "private": "eyJlMmJmYjczMC1lY2FhLTExZTYtOGY4OC0zNDM2M2JjN2M0YzAiOnsiZGVsZXRlIjoxODAwMDAwMDAwMDAsInJlYWQiOjkwMDAwMDAwMDAwMCwidXBkYXRlIjozMDAwMDAwMDAwMDB9fQ==",
          "dependencies": [
            "module.network.aws_internet_gateway.igw",
            "module.network.aws_vpc.vpc"
          ]
        },
        {
          "index_key": 1,
          "schema_version": 0,
          "attributes": {
            "address": null,
            "allocation_id": "eipalloc-0e95d74e79f616102",
            "arn": "arn:aws:ec2:us-east-2:211125329539:elastic-ip/eipalloc-0e95d74e79f616102",
            "associate_with_private_ip": null,
            "association_id": "",
            "carrier_ip": "",
            "customer_owned_ip": "",
            "customer_owned_ipv4_pool": "",
            "domain": "vpc",
            "id": "eipalloc-0e95d74e79f616102",
            "instance": "",
            "ipam_pool_id": null,
            "network_border_group": "us-east-2",
            "network_interface": "",
            "private_dns": null,
            "private_ip": "",
            "ptr_record": "",
            "public_dns": "ec2-13-59-123-248.us-east-2.compute.amazonaws.com",
            "public_ip": "13.59.123.248",
            "public_ipv4_pool": "amazon",
            "tags": {
              "Environment": "dev",
              "Name": "dev-infra-eip-us-east-2b",
              "Owner": "Ramratan"
            },
            "tags_all": {
              "Environment": "dev",
              "Name": "dev-infra-eip-us-east-2b",
              "Owner": "Ramratan"
            },
            "timeouts": null,
            "vpc": true
          },
          "sensitive_attributes": [],
          "identity_schema_version": 0,
          "private": "eyJlMmJmYjczMC1lY2FhLTExZTYtOGY4OC0zNDM2M2JjN2M0YzAiOnsiZGVsZXRlIjoxODAwMDAwMDAwMDAsInJlYWQiOjkwMDAwMDAwMDAwMCwidXBkYXRlIjozMDAwMDAwMDAwMDB9fQ==",
          "dependencies": [
            "module.network.aws_internet_gateway.igw",
            "module.network.aws_vpc.vpc"
          ]
        }
      ]
    },
    {
      "module": "module.network",
      "mode": "managed",
      "type": "aws_flow_log",
      "name": "vpc_flow_log",
      "provider": "provider[\"registry.terraform.io/hashicorp/aws\"]",
      "instances": []
    },
    {
      "module": "module.network",
      "mode": "managed",
      "type": "aws_internet_gateway",
      "name": "igw",
      "provider": "provider[\"registry.terraform.io/hashicorp/aws\"]",
      "instances": [
        {
          "schema_version": 0,
          "attributes": {
            "arn": "arn:aws:ec2:us-east-2:211125329539:internet-gateway/igw-02671240eed56bbc9",
            "id": "igw-02671240eed56bbc9",
            "owner_id": "211125329539",
            "tags": {
              "Environment": "dev",
              "Name": "dev-infra-igw",
              "Owner": "Ramratan"
            },
            "tags_all": {
              "Environment": "dev",
              "Name": "dev-infra-igw",
              "Owner": "Ramratan"
            },
            "timeouts": null,
            "vpc_id": "vpc-0bc3aef05f4e3c2c1"
          },
          "sensitive_attributes": [],
          "identity_schema_version": 0,
          "private": "eyJlMmJmYjczMC1lY2FhLTExZTYtOGY4OC0zNDM2M2JjN2M0YzAiOnsiY3JlYXRlIjoxMjAwMDAwMDAwMDAwLCJkZWxldGUiOjEyMDAwMDAwMDAwMDAsInVwZGF0ZSI6MTIwMDAwMDAwMDAwMH19",
          "dependencies": [
            "module.network.aws_vpc.vpc"
          ]
        }
      ]
    },
    {
      "module": "module.network",
      "mode": "managed",
      "type": "aws_main_route_table_association",
      "name": "default_public_route",
      "provider": "provider[\"registry.terraform.io/hashicorp/aws\"]",
      "instances": [
        {
          "schema_version": 0,
          "attributes": {
            "id": "rtbassoc-03aeb170770212c8c",
            "original_route_table_id": "rtb-06f43ddeb9764c061",
            "route_table_id": "rtb-0525a02ff4aea1da3",
            "timeouts": null,
            "vpc_id": "vpc-0bc3aef05f4e3c2c1"
          },
          "sensitive_attributes": [],
          "identity_schema_version": 0,
          "private": "eyJlMmJmYjczMC1lY2FhLTExZTYtOGY4OC0zNDM2M2JjN2M0YzAiOnsiY3JlYXRlIjozMDAwMDAwMDAwMDAsImRlbGV0ZSI6MzAwMDAwMDAwMDAwLCJ1cGRhdGUiOjEyMDAwMDAwMDAwMH19",
          "dependencies": [
            "module.network.aws_route_table.public_route_table",
            "module.network.aws_vpc.vpc"
          ]
        }
      ]
    },
    {
      "module": "module.network",
      "mode": "managed",
      "type": "aws_nat_gateway",
      "name": "nat_gateway",
      "provider": "provider[\"registry.terraform.io/hashicorp/aws\"]",
      "instances": [
        {
          "index_key": 0,
          "schema_version": 0,
          "attributes": {
            "allocation_id": "eipalloc-0d8aacbb8554e88c5",
            "association_id": "eipassoc-0fedc7d9499a66712",
            "connectivity_type": "public",
            "id": "nat-0116b4d26f290980d",
            "network_interface_id": "eni-0f44b6572ef6aa469",
            "private_ip": "10.0.1.178",
            "public_ip": "3.21.252.193",
            "secondary_allocation_ids": null,
            "secondary_private_ip_address_count": 0,
            "secondary_private_ip_addresses": [],
            "subnet_id": "subnet-07099c6b191596fb8",
            "tags": {
              "Environment": "dev",
              "Name": "dev-infra-nat-us-east-2a",
              "Owner": "Ramratan"
            },
            "tags_all": {
              "Environment": "dev",
              "Name": "dev-infra-nat-us-east-2a",
              "Owner": "Ramratan"
            },
            "timeouts": null
          },
          "sensitive_attributes": [],
          "identity_schema_version": 0,
          "private": "eyJlMmJmYjczMC1lY2FhLTExZTYtOGY4OC0zNDM2M2JjN2M0YzAiOnsiY3JlYXRlIjo2MDAwMDAwMDAwMDAsImRlbGV0ZSI6MTgwMDAwMDAwMDAwMCwidXBkYXRlIjo2MDAwMDAwMDAwMDB9fQ==",
          "dependencies": [
            "module.network.aws_eip.nat",
            "module.network.aws_internet_gateway.igw",
            "module.network.aws_subnet.public_subnet",
            "module.network.aws_vpc.vpc"
          ]
        },
        {
          "index_key": 1,
          "schema_version": 0,
          "attributes": {
            "allocation_id": "eipalloc-0e95d74e79f616102",
            "association_id": "eipassoc-02cba11d2e78a5372",
            "connectivity_type": "public",
            "id": "nat-0a3537b6fcdba5c02",
            "network_interface_id": "eni-034a1804b70289e6d",
            "private_ip": "10.0.2.239",
            "public_ip": "13.59.123.248",
            "secondary_allocation_ids": null,
            "secondary_private_ip_address_count": 0,
            "secondary_private_ip_addresses": [],
            "subnet_id": "subnet-0c5baad48c59a763c",
            "tags": {
              "Environment": "dev",
              "Name": "dev-infra-nat-us-east-2b",
              "Owner": "Ramratan"
            },
            "tags_all": {
              "Environment": "dev",
              "Name": "dev-infra-nat-us-east-2b",
              "Owner": "Ramratan"
            },
            "timeouts": null
          },
          "sensitive_attributes": [],
          "identity_schema_version": 0,
          "private": "eyJlMmJmYjczMC1lY2FhLTExZTYtOGY4OC0zNDM2M2JjN2M0YzAiOnsiY3JlYXRlIjo2MDAwMDAwMDAwMDAsImRlbGV0ZSI6MTgwMDAwMDAwMDAwMCwidXBkYXRlIjo2MDAwMDAwMDAwMDB9fQ==",
          "dependencies": [
            "module.network.aws_eip.nat",
            "module.network.aws_internet_gateway.igw",
            "module.network.aws_subnet.public_subnet",
            "module.network.aws_vpc.vpc"
          ]
        }
      ]
    },
    {
      "module": "module.network",
      "mode": "managed",
      "type": "aws_route",
      "name": "additional_private_route",
      "provider": "provider[\"registry.terraform.io/hashicorp/aws\"]",
      "instances": []
    },
    {
      "module": "module.network",
      "mode": "managed",
      "type": "aws_route",
      "name": "additional_public_route",
      "provider": "provider[\"registry.terraform.io/hashicorp/aws\"]",
      "instances": []
    },
    {
      "module": "module.network",
      "mode": "managed",
      "type": "aws_route",
      "name": "default_public_route",
      "provider": "provider[\"registry.terraform.io/hashicorp/aws\"]",
      "instances": [
        {
          "schema_version": 0,
          "attributes": {
            "carrier_gateway_id": "",
            "core_network_arn": "",
            "destination_cidr_block": "0.0.0.0/0",
            "destination_ipv6_cidr_block": "",
            "destination_prefix_list_id": "",
            "egress_only_gateway_id": "",
            "gateway_id": "igw-02671240eed56bbc9",
            "id": "r-rtb-0525a02ff4aea1da31080289494",
            "instance_id": "",
            "instance_owner_id": "",
            "local_gateway_id": "",
            "nat_gateway_id": "",
            "network_interface_id": "",
            "origin": "CreateRoute",
            "route_table_id": "rtb-0525a02ff4aea1da3",
            "state": "active",
            "timeouts": null,
            "transit_gateway_id": "",
            "vpc_endpoint_id": "",
            "vpc_peering_connection_id": ""
          },
          "sensitive_attributes": [],
          "identity_schema_version": 0,
          "private": "eyJlMmJmYjczMC1lY2FhLTExZTYtOGY4OC0zNDM2M2JjN2M0YzAiOnsiY3JlYXRlIjozMDAwMDAwMDAwMDAsImRlbGV0ZSI6MzAwMDAwMDAwMDAwLCJ1cGRhdGUiOjEyMDAwMDAwMDAwMH19",
          "dependencies": [
            "module.network.aws_internet_gateway.igw",
            "module.network.aws_route_table.public_route_table",
            "module.network.aws_vpc.vpc"
          ]
        }
      ]
    },
    {
      "module": "module.network",
      "mode": "managed",
      "type": "aws_route",
      "name": "private_route_nat_association",
      "provider": "provider[\"registry.terraform.io/hashicorp/aws\"]",
      "instances": [
        {
          "index_key": 0,
          "schema_version": 0,
          "attributes": {
            "carrier_gateway_id": "",
            "core_network_arn": "",
            "destination_cidr_block": "0.0.0.0/0",
            "destination_ipv6_cidr_block": "",
            "destination_prefix_list_id": "",
            "egress_only_gateway_id": "",
            "gateway_id": "",
            "id": "r-rtb-0796a879ff1bbd7a71080289494",
            "instance_id": "",
            "instance_owner_id": "",
            "local_gateway_id": "",
            "nat_gateway_id": "nat-0116b4d26f290980d",
            "network_interface_id": "",
            "origin": "CreateRoute",
            "route_table_id": "rtb-0796a879ff1bbd7a7",
            "state": "active",
            "timeouts": null,
            "transit_gateway_id": "",
            "vpc_endpoint_id": "",
            "vpc_peering_connection_id": ""
          },
          "sensitive_attributes": [],
          "identity_schema_version": 0,
          "private": "eyJlMmJmYjczMC1lY2FhLTExZTYtOGY4OC0zNDM2M2JjN2M0YzAiOnsiY3JlYXRlIjozMDAwMDAwMDAwMDAsImRlbGV0ZSI6MzAwMDAwMDAwMDAwLCJ1cGRhdGUiOjEyMDAwMDAwMDAwMH19",
          "dependencies": [
            "module.network.aws_eip.nat",
            "module.network.aws_internet_gateway.igw",
            "module.network.aws_nat_gateway.nat_gateway",
            "module.network.aws_route_table.private_route_table",
            "module.network.aws_subnet.public_subnet",
            "module.network.aws_vpc.vpc"
          ]
        },
        {
          "index_key": 1,
          "schema_version": 0,
          "attributes": {
            "carrier_gateway_id": "",
            "core_network_arn": "",
            "destination_cidr_block": "0.0.0.0/0",
            "destination_ipv6_cidr_block": "",
            "destination_prefix_list_id": "",
            "egress_only_gateway_id": "",
            "gateway_id": "",
            "id": "r-rtb-0d84b90638cf47f041080289494",
            "instance_id": "",
            "instance_owner_id": "",
            "local_gateway_id": "",
            "nat_gateway_id": "nat-0a3537b6fcdba5c02",
            "network_interface_id": "",
            "origin": "CreateRoute",
            "route_table_id": "rtb-0d84b90638cf47f04",
            "state": "active",
            "timeouts": null,
            "transit_gateway_id": "",
            "vpc_endpoint_id": "",
            "vpc_peering_connection_id": ""
          },
          "sensitive_attributes": [],
          "identity_schema_version": 0,
          "private": "eyJlMmJmYjczMC1lY2FhLTExZTYtOGY4OC0zNDM2M2JjN2M0YzAiOnsiY3JlYXRlIjozMDAwMDAwMDAwMDAsImRlbGV0ZSI6MzAwMDAwMDAwMDAwLCJ1cGRhdGUiOjEyMDAwMDAwMDAwMH19",
          "dependencies": [
            "module.network.aws_eip.nat",
            "module.network.aws_internet_gateway.igw",
            "module.network.aws_nat_gateway.nat_gateway",
            "module.network.aws_route_table.private_route_table",
            "module.network.aws_subnet.public_subnet",
            "module.network.aws_vpc.vpc"
          ]
        }
      ]
    },
    {
      "module": "module.network",
      "mode": "managed",
      "type": "aws_route53_zone",
      "name": "vpc_route53",
      "provider": "provider[\"registry.terraform.io/hashicorp/aws\"]",
      "instances": [
        {
          "schema_version": 0,
          "attributes": {
            "arn": "arn:aws:route53:::hostedzone/Z028716428CC2HAVDDCSN",
            "comment": "Managed by Terraform",
            "delegation_set_id": "",
            "force_destroy": false,
            "id": "Z028716428CC2HAVDDCSN",
            "name": "dev.internal",
            "name_servers": [
              "ns-0.awsdns-00.com.",
              "ns-1024.awsdns-00.org.",
              "ns-1536.awsdns-00.co.uk.",
              "ns-512.awsdns-00.net."
            ],
            "primary_name_server": "ns-0.awsdns-00.com.",
            "tags": {
              "Environment": "dev",
              "Name": "dev-infra-route53-zone",
              "Owner": "Ramratan"
            },
            "tags_all": {
              "Environment": "dev",
              "Name": "dev-infra-route53-zone",
              "Owner": "Ramratan"
            },
            "timeouts": null,
            "vpc": [
              {
                "vpc_id": "vpc-0bc3aef05f4e3c2c1",
                "vpc_region": "us-east-2"
              }
            ],
            "zone_id": "Z028716428CC2HAVDDCSN"
          },
          "sensitive_attributes": [],
          "identity_schema_version": 0,
          "private": "eyJlMmJmYjczMC1lY2FhLTExZTYtOGY4OC0zNDM2M2JjN2M0YzAiOnsiY3JlYXRlIjoxODAwMDAwMDAwMDAwLCJkZWxldGUiOjE4MDAwMDAwMDAwMDAsInVwZGF0ZSI6MTgwMDAwMDAwMDAwMH19",
          "dependencies": [
            "module.network.aws_vpc.vpc"
          ]
        }
      ]
    },
    {
      "module": "module.network",
      "mode": "managed",
      "type": "aws_route_table",
      "name": "private_route_table",
      "provider": "provider[\"registry.terraform.io/hashicorp/aws\"]",
      "instances": [
        {
          "index_key": 0,
          "schema_version": 0,
          "attributes": {
            "arn": "arn:aws:ec2:us-east-2:211125329539:route-table/rtb-0796a879ff1bbd7a7",
            "id": "rtb-0796a879ff1bbd7a7",
            "owner_id": "211125329539",
            "propagating_vgws": [],
            "route": [],
            "tags": {
              "Environment": "dev",
              "Name": "dev-infra-private-rt-us-east-2a",
              "Owner": "Ramratan"
            },
            "tags_all": {
              "Environment": "dev",
              "Name": "dev-infra-private-rt-us-east-2a",
              "Owner": "Ramratan"
            },
            "timeouts": null,
            "vpc_id": "vpc-0bc3aef05f4e3c2c1"
          },
          "sensitive_attributes": [],
          "identity_schema_version": 0,
          "private": "eyJlMmJmYjczMC1lY2FhLTExZTYtOGY4OC0zNDM2M2JjN2M0YzAiOnsiY3JlYXRlIjozMDAwMDAwMDAwMDAsImRlbGV0ZSI6MzAwMDAwMDAwMDAwLCJ1cGRhdGUiOjEyMDAwMDAwMDAwMH19",
          "dependencies": [
            "module.network.aws_vpc.vpc"
          ]
        },
        {
          "index_key": 1,
          "schema_version": 0,
          "attributes": {
            "arn": "arn:aws:ec2:us-east-2:211125329539:route-table/rtb-0d84b90638cf47f04",
            "id": "rtb-0d84b90638cf47f04",
            "owner_id": "211125329539",
            "propagating_vgws": [],
            "route": [],
            "tags": {
              "Environment": "dev",
              "Name": "dev-infra-private-rt-us-east-2b",
              "Owner": "Ramratan"
            },
            "tags_all": {
              "Environment": "dev",
              "Name": "dev-infra-private-rt-us-east-2b",
              "Owner": "Ramratan"
            },
            "timeouts": null,
            "vpc_id": "vpc-0bc3aef05f4e3c2c1"
          },
          "sensitive_attributes": [],
          "identity_schema_version": 0,
          "private": "eyJlMmJmYjczMC1lY2FhLTExZTYtOGY4OC0zNDM2M2JjN2M0YzAiOnsiY3JlYXRlIjozMDAwMDAwMDAwMDAsImRlbGV0ZSI6MzAwMDAwMDAwMDAwLCJ1cGRhdGUiOjEyMDAwMDAwMDAwMH19",
          "dependencies": [
            "module.network.aws_vpc.vpc"
          ]
        }
      ]
    },
    {
      "module": "module.network",
      "mode": "managed",
      "type": "aws_route_table",
      "name": "public_route_table",
      "provider": "provider[\"registry.terraform.io/hashicorp/aws\"]",
      "instances": [
        {
          "schema_version": 0,
          "attributes": {
            "arn": "arn:aws:ec2:us-east-2:211125329539:route-table/rtb-0525a02ff4aea1da3",
            "id": "rtb-0525a02ff4aea1da3",
            "owner_id": "211125329539",
            "propagating_vgws": [],
            "route": [],
            "tags": {
              "Environment": "dev",
              "Name": "dev-infra-public-rt",
              "Owner": "Ramratan"
            },
            "tags_all": {
              "Environment": "dev",
              "Name": "dev-infra-public-rt",
              "Owner": "Ramratan"
            },
            "timeouts": null,
            "vpc_id": "vpc-0bc3aef05f4e3c2c1"
          },
          "sensitive_attributes": [],
          "identity_schema_version": 0,
          "private": "eyJlMmJmYjczMC1lY2FhLTExZTYtOGY4OC0zNDM2M2JjN2M0YzAiOnsiY3JlYXRlIjozMDAwMDAwMDAwMDAsImRlbGV0ZSI6MzAwMDAwMDAwMDAwLCJ1cGRhdGUiOjEyMDAwMDAwMDAwMH19",
          "dependencies": [
            "module.network.aws_vpc.vpc"
          ]
        }
      ]
    },
    {
      "module": "module.network",
      "mode": "managed",
      "type": "aws_route_table_association",
      "name": "database_route_table_association",
      "provider": "provider[\"registry.terraform.io/hashicorp/aws\"]",
      "instances": [
        {
          "index_key": 0,
          "schema_version": 0,
          "attributes": {
            "gateway_id": "",
            "id": "rtbassoc-07c546a221fd8a8f5",
            "route_table_id": "rtb-0796a879ff1bbd7a7",
            "subnet_id": "subnet-0590915656e209689",
            "timeouts": null
          },
          "sensitive_attributes": [],
          "identity_schema_version": 0,
          "private": "eyJlMmJmYjczMC1lY2FhLTExZTYtOGY4OC0zNDM2M2JjN2M0YzAiOnsiY3JlYXRlIjozMDAwMDAwMDAwMDAsImRlbGV0ZSI6MzAwMDAwMDAwMDAwLCJ1cGRhdGUiOjEyMDAwMDAwMDAwMH19",
          "dependencies": [
            "module.network.aws_route_table.private_route_table",
            "module.network.aws_subnet.database_subnet",
            "module.network.aws_vpc.vpc"
          ]
        },
        {
          "index_key": 1,
          "schema_version": 0,
          "attributes": {
            "gateway_id": "",
            "id": "rtbassoc-0036b613dd7055def",
            "route_table_id": "rtb-0d84b90638cf47f04",
            "subnet_id": "subnet-0b9ee329acfce7d0c",
            "timeouts": null
          },
          "sensitive_attributes": [],
          "identity_schema_version": 0,
          "private": "eyJlMmJmYjczMC1lY2FhLTExZTYtOGY4OC0zNDM2M2JjN2M0YzAiOnsiY3JlYXRlIjozMDAwMDAwMDAwMDAsImRlbGV0ZSI6MzAwMDAwMDAwMDAwLCJ1cGRhdGUiOjEyMDAwMDAwMDAwMH19",
          "dependencies": [
            "module.network.aws_route_table.private_route_table",
            "module.network.aws_subnet.database_subnet",
            "module.network.aws_vpc.vpc"
          ]
        }
      ]
    },
    {
      "module": "module.network",
      "mode": "managed",
      "type": "aws_route_table_association",
      "name": "private_route_table_association",
      "provider": "provider[\"registry.terraform.io/hashicorp/aws\"]",
      "instances": [
        {
          "index_key": 0,
          "schema_version": 0,
          "attributes": {
            "gateway_id": "",
            "id": "rtbassoc-0af910949b20b6089",
            "route_table_id": "rtb-0796a879ff1bbd7a7",
            "subnet_id": "subnet-0bbfa10e581c2cc63",
            "timeouts": null
          },
          "sensitive_attributes": [],
          "identity_schema_version": 0,
          "private": "eyJlMmJmYjczMC1lY2FhLTExZTYtOGY4OC0zNDM2M2JjN2M0YzAiOnsiY3JlYXRlIjozMDAwMDAwMDAwMDAsImRlbGV0ZSI6MzAwMDAwMDAwMDAwLCJ1cGRhdGUiOjEyMDAwMDAwMDAwMH19",
          "dependencies": [
            "module.network.aws_route_table.private_route_table",
            "module.network.aws_subnet.private_subnet",
            "module.network.aws_vpc.vpc"
          ]
        },
        {
          "index_key": 1,
          "schema_version": 0,
          "attributes": {
            "gateway_id": "",
            "id": "rtbassoc-027842b8fa70e22c6",
            "route_table_id": "rtb-0d84b90638cf47f04",
            "subnet_id": "subnet-063b6ce86b82633d1",
            "timeouts": null
          },
          "sensitive_attributes": [],
          "identity_schema_version": 0,
          "private": "eyJlMmJmYjczMC1lY2FhLTExZTYtOGY4OC0zNDM2M2JjN2M0YzAiOnsiY3JlYXRlIjozMDAwMDAwMDAwMDAsImRlbGV0ZSI6MzAwMDAwMDAwMDAwLCJ1cGRhdGUiOjEyMDAwMDAwMDAwMH19",
          "dependencies": [
            "module.network.aws_route_table.private_route_table",
            "module.network.aws_subnet.private_subnet",
            "module.network.aws_vpc.vpc"
          ]
        }
      ]
    },
    {
      "module": "module.network",
      "mode": "managed",
      "type": "aws_route_table_association",
      "name": "public_subnets_association",
      "provider": "provider[\"registry.terraform.io/hashicorp/aws\"]",
      "instances": [
        {
          "index_key": 0,
          "schema_version": 0,
          "attributes": {
            "gateway_id": "",
            "id": "rtbassoc-077d3d6ebcea97a35",
            "route_table_id": "rtb-0525a02ff4aea1da3",
            "subnet_id": "subnet-07099c6b191596fb8",
            "timeouts": null
          },
          "sensitive_attributes": [],
          "identity_schema_version": 0,
          "private": "eyJlMmJmYjczMC1lY2FhLTExZTYtOGY4OC0zNDM2M2JjN2M0YzAiOnsiY3JlYXRlIjozMDAwMDAwMDAwMDAsImRlbGV0ZSI6MzAwMDAwMDAwMDAwLCJ1cGRhdGUiOjEyMDAwMDAwMDAwMH19",
          "dependencies": [
            "module.network.aws_route_table.public_route_table",
            "module.network.aws_subnet.public_subnet",
            "module.network.aws_vpc.vpc"
          ]
        },
        {
          "index_key": 1,
          "schema_version": 0,
          "attributes": {
            "gateway_id": "",
            "id": "rtbassoc-08cb928621ba5ad64",
            "route_table_id": "rtb-0525a02ff4aea1da3",
            "subnet_id": "subnet-0c5baad48c59a763c",
            "timeouts": null
          },
          "sensitive_attributes": [],
          "identity_schema_version": 0,
          "private": "eyJlMmJmYjczMC1lY2FhLTExZTYtOGY4OC0zNDM2M2JjN2M0YzAiOnsiY3JlYXRlIjozMDAwMDAwMDAwMDAsImRlbGV0ZSI6MzAwMDAwMDAwMDAwLCJ1cGRhdGUiOjEyMDAwMDAwMDAwMH19",
          "dependencies": [
            "module.network.aws_route_table.public_route_table",
            "module.network.aws_subnet.public_subnet",
            "module.network.aws_vpc.vpc"
          ]
        }
      ]
    },
    {
      "module": "module.network",
      "mode": "managed",
      "type": "aws_s3_bucket",
      "name": "flow_logs_bucket",
      "provider": "provider[\"registry.terraform.io/hashicorp/aws\"]",
      "instances": []
    },
    {
      "module": "module.network",
      "mode": "managed",
      "type": "aws_subnet",
      "name": "database_subnet",
      "provider": "provider[\"registry.terraform.io/hashicorp/aws\"]",
      "instances": [
        {
          "index_key": 0,
          "schema_version": 1,
          "attributes": {
            "arn": "arn:aws:ec2:us-east-2:211125329539:subnet/subnet-0590915656e209689",
            "assign_ipv6_address_on_creation": false,
            "availability_zone": "us-east-2a",
            "availability_zone_id": "use2-az1",
            "cidr_block": "10.0.12.0/24",
            "customer_owned_ipv4_pool": "",
            "enable_dns64": false,
            "enable_lni_at_device_index": 0,
            "enable_resource_name_dns_a_record_on_launch": false,
            "enable_resource_name_dns_aaaa_record_on_launch": false,
            "id": "subnet-0590915656e209689",
            "ipv6_cidr_block": "",
            "ipv6_cidr_block_association_id": "",
            "ipv6_native": false,
            "map_customer_owned_ip_on_launch": false,
            "map_public_ip_on_launch": true,
            "outpost_arn": "",
            "owner_id": "211125329539",
            "private_dns_hostname_type_on_launch": "ip-name",
            "tags": {
              "Environment": "dev",
              "Name": "dev-infra-db-us-east-2a",
              "Owner": "Ramratan"
            },
            "tags_all": {
              "Environment": "dev",
              "Name": "dev-infra-db-us-east-2a",
              "Owner": "Ramratan"
            },
            "timeouts": null,
            "vpc_id": "vpc-0bc3aef05f4e3c2c1"
          },
          "sensitive_attributes": [],
          "identity_schema_version": 0,
          "private": "eyJlMmJmYjczMC1lY2FhLTExZTYtOGY4OC0zNDM2M2JjN2M0YzAiOnsiY3JlYXRlIjo2MDAwMDAwMDAwMDAsImRlbGV0ZSI6MTIwMDAwMDAwMDAwMH0sInNjaGVtYV92ZXJzaW9uIjoiMSJ9",
          "dependencies": [
            "module.network.aws_vpc.vpc"
          ],
          "create_before_destroy": true
        },
        {
          "index_key": 1,
          "schema_version": 1,
          "attributes": {
            "arn": "arn:aws:ec2:us-east-2:211125329539:subnet/subnet-0b9ee329acfce7d0c",
            "assign_ipv6_address_on_creation": false,
            "availability_zone": "us-east-2b",
            "availability_zone_id": "use2-az2",
            "cidr_block": "10.0.22.0/24",
            "customer_owned_ipv4_pool": "",
            "enable_dns64": false,
            "enable_lni_at_device_index": 0,
            "enable_resource_name_dns_a_record_on_launch": false,
            "enable_resource_name_dns_aaaa_record_on_launch": false,
            "id": "subnet-0b9ee329acfce7d0c",
            "ipv6_cidr_block": "",
            "ipv6_cidr_block_association_id": "",
            "ipv6_native": false,
            "map_customer_owned_ip_on_launch": false,
            "map_public_ip_on_launch": true,
            "outpost_arn": "",
            "owner_id": "211125329539",
            "private_dns_hostname_type_on_launch": "ip-name",
            "tags": {
              "Environment": "dev",
              "Name": "dev-infra-db-us-east-2b",
              "Owner": "Ramratan"
            },
            "tags_all": {
              "Environment": "dev",
              "Name": "dev-infra-db-us-east-2b",
              "Owner": "Ramratan"
            },
            "timeouts": null,
            "vpc_id": "vpc-0bc3aef05f4e3c2c1"
          },
          "sensitive_attributes": [],
          "identity_schema_version": 0,
          "private": "eyJlMmJmYjczMC1lY2FhLTExZTYtOGY4OC0zNDM2M2JjN2M0YzAiOnsiY3JlYXRlIjo2MDAwMDAwMDAwMDAsImRlbGV0ZSI6MTIwMDAwMDAwMDAwMH0sInNjaGVtYV92ZXJzaW9uIjoiMSJ9",
          "dependencies": [
            "module.network.aws_vpc.vpc"
          ],
          "create_before_destroy": true
        }
      ]
    },
    {
      "module": "module.network",
      "mode": "managed",
      "type": "aws_subnet",
      "name": "private_subnet",
      "provider": "provider[\"registry.terraform.io/hashicorp/aws\"]",
      "instances": [
        {
          "index_key": 0,
          "schema_version": 1,
          "attributes": {
            "arn": "arn:aws:ec2:us-east-2:211125329539:subnet/subnet-0bbfa10e581c2cc63",
            "assign_ipv6_address_on_creation": false,
            "availability_zone": "us-east-2a",
            "availability_zone_id": "use2-az1",
            "cidr_block": "10.0.11.0/24",
            "customer_owned_ipv4_pool": "",
            "enable_dns64": false,
            "enable_lni_at_device_index": 0,
            "enable_resource_name_dns_a_record_on_launch": false,
            "enable_resource_name_dns_aaaa_record_on_launch": false,
            "id": "subnet-0bbfa10e581c2cc63",
            "ipv6_cidr_block": "",
            "ipv6_cidr_block_association_id": "",
            "ipv6_native": false,
            "map_customer_owned_ip_on_launch": false,
            "map_public_ip_on_launch": true,
            "outpost_arn": "",
            "owner_id": "211125329539",
            "private_dns_hostname_type_on_launch": "ip-name",
            "tags": {
              "Environment": "dev",
              "Name": "dev-infra-private-us-east-2a",
              "Owner": "Ramratan"
            },
            "tags_all": {
              "Environment": "dev",
              "Name": "dev-infra-private-us-east-2a",
              "Owner": "Ramratan"
            },
            "timeouts": null,
            "vpc_id": "vpc-0bc3aef05f4e3c2c1"
          },
          "sensitive_attributes": [],
          "identity_schema_version": 0,
          "private": "eyJlMmJmYjczMC1lY2FhLTExZTYtOGY4OC0zNDM2M2JjN2M0YzAiOnsiY3JlYXRlIjo2MDAwMDAwMDAwMDAsImRlbGV0ZSI6MTIwMDAwMDAwMDAwMH0sInNjaGVtYV92ZXJzaW9uIjoiMSJ9",
          "dependencies": [
            "module.network.aws_vpc.vpc"
          ],
          "create_before_destroy": true
        },
        {
          "index_key": 1,
          "schema_version": 1,
          "attributes": {
            "arn": "arn:aws:ec2:us-east-2:211125329539:subnet/subnet-063b6ce86b82633d1",
            "assign_ipv6_address_on_creation": false,
            "availability_zone": "us-east-2b",
            "availability_zone_id": "use2-az2",
            "cidr_block": "10.0.21.0/24",
            "customer_owned_ipv4_pool": "",
            "enable_dns64": false,
            "enable_lni_at_device_index": 0,
            "enable_resource_name_dns_a_record_on_launch": false,
            "enable_resource_name_dns_aaaa_record_on_launch": false,
            "id": "subnet-063b6ce86b82633d1",
            "ipv6_cidr_block": "",
            "ipv6_cidr_block_association_id": "",
            "ipv6_native": false,
            "map_customer_owned_ip_on_launch": false,
            "map_public_ip_on_launch": true,
            "outpost_arn": "",
            "owner_id": "211125329539",
            "private_dns_hostname_type_on_launch": "ip-name",
            "tags": {
              "Environment": "dev",
              "Name": "dev-infra-private-us-east-2b",
              "Owner": "Ramratan"
            },
            "tags_all": {
              "Environment": "dev",
              "Name": "dev-infra-private-us-east-2b",
              "Owner": "Ramratan"
            },
            "timeouts": null,
            "vpc_id": "vpc-0bc3aef05f4e3c2c1"
          },
          "sensitive_attributes": [],
          "identity_schema_version": 0,
          "private": "eyJlMmJmYjczMC1lY2FhLTExZTYtOGY4OC0zNDM2M2JjN2M0YzAiOnsiY3JlYXRlIjo2MDAwMDAwMDAwMDAsImRlbGV0ZSI6MTIwMDAwMDAwMDAwMH0sInNjaGVtYV92ZXJzaW9uIjoiMSJ9",
          "dependencies": [
            "module.network.aws_vpc.vpc"
          ],
          "create_before_destroy": true
        }
      ]
    },
    {
      "module": "module.network",
      "mode": "managed",
      "type": "aws_subnet",
      "name": "public_subnet",
      "provider": "provider[\"registry.terraform.io/hashicorp/aws\"]",
      "instances": [
        {
          "index_key": 0,
          "schema_version": 1,
          "attributes": {
            "arn": "arn:aws:ec2:us-east-2:211125329539:subnet/subnet-07099c6b191596fb8",
            "assign_ipv6_address_on_creation": false,
            "availability_zone": "us-east-2a",
            "availability_zone_id": "use2-az1",
            "cidr_block": "10.0.1.0/24",
            "customer_owned_ipv4_pool": "",
            "enable_dns64": false,
            "enable_lni_at_device_index": 0,
            "enable_resource_name_dns_a_record_on_launch": false,
            "enable_resource_name_dns_aaaa_record_on_launch": false,
            "id": "subnet-07099c6b191596fb8",
            "ipv6_cidr_block": "",
            "ipv6_cidr_block_association_id": "",
            "ipv6_native": false,
            "map_customer_owned_ip_on_launch": false,
            "map_public_ip_on_launch": true,
            "outpost_arn": "",
            "owner_id": "211125329539",
            "private_dns_hostname_type_on_launch": "ip-name",
            "tags": {
              "Environment": "dev",
              "Name": "dev-infra-public-us-east-2a",
              "Owner": "Ramratan"
            },
            "tags_all": {
              "Environment": "dev",
              "Name": "dev-infra-public-us-east-2a",
              "Owner": "Ramratan"
            },
            "timeouts": null,
            "vpc_id": "vpc-0bc3aef05f4e3c2c1"
          },
          "sensitive_attributes": [],
          "identity_schema_version": 0,
          "private": "eyJlMmJmYjczMC1lY2FhLTExZTYtOGY4OC0zNDM2M2JjN2M0YzAiOnsiY3JlYXRlIjo2MDAwMDAwMDAwMDAsImRlbGV0ZSI6MTIwMDAwMDAwMDAwMH0sInNjaGVtYV92ZXJzaW9uIjoiMSJ9",
          "dependencies": [
            "module.network.aws_vpc.vpc"
          ]
        },
        {
          "index_key": 1,
          "schema_version": 1,
          "attributes": {
            "arn": "arn:aws:ec2:us-east-2:211125329539:subnet/subnet-0c5baad48c59a763c",
            "assign_ipv6_address_on_creation": false,
            "availability_zone": "us-east-2b",
            "availability_zone_id": "use2-az2",
            "cidr_block": "10.0.2.0/24",
            "customer_owned_ipv4_pool": "",
            "enable_dns64": false,
            "enable_lni_at_device_index": 0,
            "enable_resource_name_dns_a_record_on_launch": false,
            "enable_resource_name_dns_aaaa_record_on_launch": false,
            "id": "subnet-0c5baad48c59a763c",
            "ipv6_cidr_block": "",
            "ipv6_cidr_block_association_id": "",
            "ipv6_native": false,
            "map_customer_owned_ip_on_launch": false,
            "map_public_ip_on_launch": true,
            "outpost_arn": "",
            "owner_id": "211125329539",
            "private_dns_hostname_type_on_launch": "ip-name",
            "tags": {
              "Environment": "dev",
              "Name": "dev-infra-public-us-east-2b",
              "Owner": "Ramratan"
            },
            "tags_all": {
              "Environment": "dev",
              "Name": "dev-infra-public-us-east-2b",
              "Owner": "Ramratan"
            },
            "timeouts": null,
            "vpc_id": "vpc-0bc3aef05f4e3c2c1"
          },
          "sensitive_attributes": [],
          "identity_schema_version": 0,
          "private": "eyJlMmJmYjczMC1lY2FhLTExZTYtOGY4OC0zNDM2M2JjN2M0YzAiOnsiY3JlYXRlIjo2MDAwMDAwMDAwMDAsImRlbGV0ZSI6MTIwMDAwMDAwMDAwMH0sInNjaGVtYV92ZXJzaW9uIjoiMSJ9",
          "dependencies": [
            "module.network.aws_vpc.vpc"
          ]
        }
      ]
    },
    {
      "module": "module.network",
      "mode": "managed",
      "type": "aws_vpc",
      "name": "vpc",
      "provider": "provider[\"registry.terraform.io/hashicorp/aws\"]",
      "instances": [
        {
          "schema_version": 1,
          "attributes": {
            "arn": "arn:aws:ec2:us-east-2:211125329539:vpc/vpc-0bc3aef05f4e3c2c1",
            "assign_generated_ipv6_cidr_block": false,
            "cidr_block": "10.0.0.0/16",
            "default_network_acl_id": "acl-09fe7c44e1c8fe24f",
            "default_route_table_id": "rtb-06f43ddeb9764c061",
            "default_security_group_id": "sg-06a411bbd89bf1b09",
            "dhcp_options_id": "dopt-022d393d1310139d0",
            "enable_dns_hostnames": true,
            "enable_dns_support": true,
            "enable_network_address_usage_metrics": false,
            "id": "vpc-0bc3aef05f4e3c2c1",
            "instance_tenancy": "default",
            "ipv4_ipam_pool_id": null,
            "ipv4_netmask_length": null,
            "ipv6_association_id": "",
            "ipv6_cidr_block": "",
            "ipv6_cidr_block_network_border_group": "",
            "ipv6_ipam_pool_id": "",
            "ipv6_netmask_length": 0,
            "main_route_table_id": "rtb-06f43ddeb9764c061",
            "owner_id": "211125329539",
            "tags": {
              "Environment": "dev",
              "Name": "dev-infra-vpc",
              "Owner": "Ramratan",
              "Team": "DevOps"
            },
            "tags_all": {
              "Environment": "dev",
              "Name": "dev-infra-vpc",
              "Owner": "Ramratan",
              "Team": "DevOps"
            }
          },
          "sensitive_attributes": [],
          "identity_schema_version": 0,
          "private": "eyJzY2hlbWFfdmVyc2lvbiI6IjEifQ==",
          "create_before_destroy": true
        }
      ]
    }
  ],
  "check_results": null
}
